
Microsoft Visual Studio Solution File, Format Version 12.00
# Visual Studio Version 17
VisualStudioVersion = 17.8.34525.116
MinimumVisualStudioVersion = 10.0.40219.1
Project("{F184B08F-C81C-45F6-A57F-5ABD9991F28F}") = "DevQuiz", "DevQuiz\DevQuiz.vbproj", "{D6C5560F-7780-4D5E-BA44-2F3B50228DCD}"
EndProject
Global
	GlobalSection(SolutionConfigurationPlatforms) = preSolution
		Debug|Any CPU = Debug|Any CPU
		Release|Any CPU = Release|Any CPU
	EndGlobalSection
	GlobalSection(ProjectConfigurationPlatforms) = postSolution
		{D6C5560F-7780-4D5E-BA44-2F3B50228DCD}.Debug|Any CPU.ActiveCfg = Debug|Any CPU
		{D6C5560F-7780-4D5E-BA44-2F3B50228DCD}.Debug|Any CPU.Build.0 = Debug|Any CPU
		{D6C5560F-7780-4D5E-BA44-2F3B50228DCD}.Release|Any CPU.ActiveCfg = Release|Any CPU
		{D6C5560F-7780-4D5E-BA44-2F3B50228DCD}.Release|Any CPU.Build.0 = Release|Any CPU
	EndGlobalSection
	GlobalSection(SolutionProperties) = preSolution
		HideSolutionNode = FALSE
	EndGlobalSection
	GlobalSection(ExtensibilityGlobals) = postSolution
		SolutionGuid = {1CB1C9BC-6B84-41BD-A8EF-DF1648869148}
	EndGlobalSection
EndGlobal
